// !$*UTF8*$!
{
	archiveVersion = 1;
	classes = {
	};
	objectVersion = 50;
	objects = {

/* Begin PBXBuildFile section */
		EF570154259BD00600BE049C /* AppDelegate.swift in Sources */ = {isa = PBXBuildFile; fileRef = EF570153259BD00600BE049C /* AppDelegate.swift */; };
		EF570156259BD00600BE049C /* SceneDelegate.swift in Sources */ = {isa = PBXBuildFile; fileRef = EF570155259BD00600BE049C /* SceneDelegate.swift */; };
		EF570158259BD00600BE049C /* ContentView.swift in Sources */ = {isa = PBXBuildFile; fileRef = EF570157259BD00600BE049C /* ContentView.swift */; };
		EF57015A259BD00D00BE049C /* Assets.xcassets in Resources */ = {isa = PBXBuildFile; fileRef = EF570159259BD00D00BE049C /* Assets.xcassets */; };
		EF57015D259BD00D00BE049C /* Preview Assets.xcassets in Resources */ = {isa = PBXBuildFile; fileRef = EF57015C259BD00D00BE049C /* Preview Assets.xcassets */; };
		EF570160259BD00D00BE049C /* LaunchScreen.storyboard in Resources */ = {isa = PBXBuildFile; fileRef = EF57015E259BD00D00BE049C /* LaunchScreen.storyboard */; };
		EF57016A259BD2B500BE049C /* NetworkManager.swift in Sources */ = {isa = PBXBuildFile; fileRef = EF570169259BD2B500BE049C /* NetworkManager.swift */; };
		EF57016D259BD43900BE049C /* PostData.swift in Sources */ = {isa = PBXBuildFile; fileRef = EF57016C259BD43900BE049C /* PostData.swift */; };
		EF570171259BD98900BE049C /* DetailView.swift in Sources */ = {isa = PBXBuildFile; fileRef = EF570170259BD98900BE049C /* DetailView.swift */; };
		EF570174259BDFBE00BE049C /* WebView.swift in Sources */ = {isa = PBXBuildFile; fileRef = EF570173259BDFBE00BE049C /* WebView.swift */; };
		EF57FDDA2606A6A000CE2D9D /* H4XORNewsDemo.gif in Resources */ = {isa = PBXBuildFile; fileRef = EF57FDD92606A6A000CE2D9D /* H4XORNewsDemo.gif */; };
/* End PBXBuildFile section */

/* Begin PBXFileReference section */
		EF570150259BD00600BE049C /* H4X0R News.app */ = {isa = PBXFileReference; explicitFileType = wrapper.application; includeInIndex = 0; path = "H4X0R News.app"; sourceTree = BUILT_PRODUCTS_DIR; };
		EF570153259BD00600BE049C /* AppDelegate.swift */ = {isa = PBXFileReference; lastKnownFileType = sourcecode.swift; path = AppDelegate.swift; sourceTree = "<group>"; };
		EF570155259BD00600BE049C /* SceneDelegate.swift */ = {isa = PBXFileReference; lastKnownFileType = sourcecode.swift; path = SceneDelegate.swift; sourceTree = "<group>"; };
		EF570157259BD00600BE049C /* ContentView.swift */ = {isa = PBXFileReference; lastKnownFileType = sourcecode.swift; path = ContentView.swift; sourceTree = "<group>"; };
		EF570159259BD00D00BE049C /* Assets.xcassets */ = {isa = PBXFileReference; lastKnownFileType = folder.assetcatalog; path = Assets.xcassets; sourceTree = "<group>"; };
		EF57015C259BD00D00BE049C /* Preview Assets.xcassets */ = {isa = PBXFileReference; lastKnownFileType = folder.assetcatalog; path = "Preview Assets.xcassets"; sourceTree = "<group>"; };
		EF57015F259BD00D00BE049C /* Base */ = {isa = PBXFileReference; lastKnownFileType = file.storyboard; name = Base; path = Base.lproj/LaunchScreen.storyboard; sourceTree = "<group>"; };
		EF570161259BD00D00BE049C /* Info.plist */ = {isa = PBXFileReference; lastKnownFileType = text.plist.xml; path = Info.plist; sourceTree = "<group>"; };
		EF570169259BD2B500BE049C /* NetworkManager.swift */ = {isa = PBXFileReference; lastKnownFileType = sourcecode.swift; path = NetworkManager.swift; sourceTree = "<group>"; };
		EF57016C259BD43900BE049C /* PostData.swift */ = {isa = PBXFileReference; lastKnownFileType = sourcecode.swift; path = PostData.swift; sourceTree = "<group>"; };
		EF570170259BD98900BE049C /* DetailView.swift */ = {isa = PBXFileReference; lastKnownFileType = sourcecode.swift; path = DetailView.swift; sourceTree = "<group>"; };
		EF570173259BDFBE00BE049C /* WebView.swift */ = {isa = PBXFileReference; lastKnownFileType = sourcecode.swift; path = WebView.swift; sourceTree = "<group>"; };
		EF57FDD92606A6A000CE2D9D /* H4XORNewsDemo.gif */ = {isa = PBXFileReference; lastKnownFileType = image.gif; path = H4XORNewsDemo.gif; sourceTree = "<group>"; };
/* End PBXFileReference section */

/* Begin PBXFrameworksBuildPhase section */
		EF57014D259BD00600BE049C /* Frameworks */ = {
			isa = PBXFrameworksBuildPhase;
			buildActionMask = 2147483647;
			files = (
			);
			runOnlyForDeploymentPostprocessing = 0;
		};
/* End PBXFrameworksBuildPhase section */

/* Begin PBXGroup section */
		EF570147259BD00600BE049C = {
			isa = PBXGroup;
			children = (
				EF570152259BD00600BE049C /* H4X0R News */,
				EF570151259BD00600BE049C /* Products */,
			);
			sourceTree = "<group>";
		};
		EF570151259BD00600BE049C /* Products */ = {
			isa = PBXGroup;
			children = (
				EF570150259BD00600BE049C /* H4X0R News.app */,
			);
			name = Products;
			sourceTree = "<group>";
		};
		EF570152259BD00600BE049C /* H4X0R News */ = {
			isa = PBXGroup;
			children = (
				EF57FDD92606A6A000CE2D9D /* H4XORNewsDemo.gif */,
				EF570153259BD00600BE049C /* AppDelegate.swift */,
				EF570155259BD00600BE049C /* SceneDelegate.swift */,
				EF57016F259BD96C00BE049C /* Views */,
				EF570168259BD28200BE049C /* Models */,
				EF570159259BD00D00BE049C /* Assets.xcassets */,
				EF57015E259BD00D00BE049C /* LaunchScreen.storyboard */,
				EF570161259BD00D00BE049C /* Info.plist */,
				EF57015B259BD00D00BE049C /* Preview Content */,
			);
			path = "H4X0R News";
			sourceTree = "<group>";
		};
		EF57015B259BD00D00BE049C /* Preview Content */ = {
			isa = PBXGroup;
			children = (
				EF57015C259BD00D00BE049C /* Preview Assets.xcassets */,
			);
			path = "Preview Content";
			sourceTree = "<group>";
		};
		EF570168259BD28200BE049C /* Models */ = {
			isa = PBXGroup;
			children = (
				EF570169259BD2B500BE049C /* NetworkManager.swift */,
				EF57016C259BD43900BE049C /* PostData.swift */,
			);
			path = Models;
			sourceTree = "<group>";
		};
		EF57016F259BD96C00BE049C /* Views */ = {
			isa = PBXGroup;
			children = (
				EF570157259BD00600BE049C /* ContentView.swift */,
				EF570170259BD98900BE049C /* DetailView.swift */,
				EF570173259BDFBE00BE049C /* WebView.swift */,
			);
			path = Views;
			sourceTree = "<group>";
		};
/* End PBXGroup section */

/* Begin PBXNativeTarget section */
		EF57014F259BD00600BE049C /* H4X0R News */ = {
			isa = PBXNativeTarget;
			buildConfigurationList = EF570164259BD00D00BE049C /* Build configuration list for PBXNativeTarget "H4X0R News" */;
			buildPhases = (
				EF57014C259BD00600BE049C /* Sources */,
				EF57014D259BD00600BE049C /* Frameworks */,
				EF57014E259BD00600BE049C /* Resources */,
			);
			buildRules = (
			);
			dependencies = (
			);
			name = "H4X0R News";
			productName = "H4X0R News";
			productReference = EF570150259BD00600BE049C /* H4X0R News.app */;
			productType = "com.apple.product-type.application";
		};
/* End PBXNativeTarget section */

/* Begin PBXProject section */
		EF570148259BD00600BE049C /* Project object */ = {
			isa = PBXProject;
			attributes = {
				LastSwiftUpdateCheck = 1230;
				LastUpgradeCheck = 1230;
				TargetAttributes = {
					EF57014F259BD00600BE049C = {
						CreatedOnToolsVersion = 12.3;
					};
				};
			};
			buildConfigurationList = EF57014B259BD00600BE049C /* Build configuration list for PBXProject "H4X0R News" */;
			compatibilityVersion = "Xcode 9.3";
			developmentRegion = en;
			hasScannedForEncodings = 0;
			knownRegions = (
				en,
				Base,
			);
			mainGroup = EF570147259BD00600BE049C;
			productRefGroup = EF570151259BD00600BE049C /* Products */;
			projectDirPath = "";
			projectRoot = "";
			targets = (
				EF57014F259BD00600BE049C /* H4X0R News */,
			);
		};
/* End PBXProject section */

/* Begin PBXResourcesBuildPhase section */
		EF57014E259BD00600BE049C /* Resources */ = {
			isa = PBXResourcesBuildPhase;
			buildActionMask = 2147483647;
			files = (
				EF57FDDA2606A6A000CE2D9D /* H4XORNewsDemo.gif in Resources */,
				EF570160259BD00D00BE049C /* LaunchScreen.storyboard in Resources */,
				EF57015D259BD00D00BE049C /* Preview Assets.xcassets in Resources */,
				EF57015A259BD00D00BE049C /* Assets.xcassets in Resources */,
			);
			runOnlyForDeploymentPostprocessing = 0;
		};
/* End PBXResourcesBuildPhase section */

/* Begin PBXSourcesBuildPhase section */
		EF57014C259BD00600BE049C /* Sources */ = {
			isa = PBXSourcesBuildPhase;
			buildActionMask = 2147483647;
			files = (
				EF57016D259BD43900BE049C /* PostData.swift in Sources */,
				EF570171259BD98900BE049C /* DetailView.swift in Sources */,
				EF57016A259BD2B500BE049C /* NetworkManager.swift in Sources */,
				EF570154259BD00600BE049C /* AppDelegate.swift in Sources */,
				EF570156259BD00600BE049C /* SceneDelegate.swift in Sources */,
				EF570158259BD00600BE049C /* ContentView.swift in Sources */,
				EF570174259BDFBE00BE049C /* WebView.swift in Sources */,
			);
			runOnlyForDeploymentPostprocessing = 0;
		};
/* End PBXSourcesBuildPhase section */

/* Begin PBXVariantGroup section */
		EF57015E259BD00D00BE049C /* LaunchScreen.storyboard */ = {
			isa = PBXVariantGroup;
			children = (
				EF57015F259BD00D00BE049C /* Base */,
			);
			name = LaunchScreen.storyboard;
			sourceTree = "<group>";
		};
/* End PBXVariantGroup section */

/* Begin XCBuildConfiguration section */
		EF570162259BD00D00BE049C /* Debug */ = {
			isa = XCBuildConfiguration;
			buildSettings = {
				ALWAYS_SEARCH_USER_PATHS = NO;
				CLANG_ANALYZER_NONNULL = YES;
				CLANG_ANALYZER_NUMBER_OBJECT_CONVERSION = YES_AGGRESSIVE;
				CLANG_CXX_LANGUAGE_STANDARD = "gnu++14";
				CLANG_CXX_LIBRARY = "libc++";
				CLANG_ENABLE_MODULES = YES;
				CLANG_ENABLE_OBJC_ARC = YES;
				CLANG_ENABLE_OBJC_WEAK = YES;
				CLANG_WARN_BLOCK_CAPTURE_AUTORELEASING = YES;
				CLANG_WARN_BOOL_CONVERSION = YES;
				CLANG_WARN_COMMA = YES;
				CLANG_WARN_CONSTANT_CONVERSION = YES;
				CLANG_WARN_DEPRECATED_OBJC_IMPLEMENTATIONS = YES;
				CLANG_WARN_DIRECT_OBJC_ISA_USAGE = YES_ERROR;
				CLANG_WARN_DOCUMENTATION_COMMENTS = YES;
				CLANG_WARN_EMPTY_BODY = YES;
				CLANG_WARN_ENUM_CONVERSION = YES;
				CLANG_WARN_INFINITE_RECURSION = YES;
				CLANG_WARN_INT_CONVERSION = YES;
				CLANG_WARN_NON_LITERAL_NULL_CONVERSION = YES;
				CLANG_WARN_OBJC_IMPLICIT_RETAIN_SELF = YES;
				CLANG_WARN_OBJC_LITERAL_CONVERSION = YES;
				CLANG_WARN_OBJC_ROOT_CLASS = YES_ERROR;
				CLANG_WARN_QUOTED_INCLUDE_IN_FRAMEWORK_HEADER = YES;
				CLANG_WARN_RANGE_LOOP_ANALYSIS = YES;
				CLANG_WARN_STRICT_PROTOTYPES = YES;
				CLANG_WARN_SUSPICIOUS_MOVE = YES;
				CLANG_WARN_UNGUARDED_AVAILABILITY = YES_AGGRESSIVE;
				CLANG_WARN_UNREACHABLE_CODE = YES;
				CLANG_WARN__DUPLICATE_METHOD_MATCH = YES;
				COPY_PHASE_STRIP = NO;
				DEBUG_INFORMATION_FORMAT = dwarf;
				ENABLE_STRICT_OBJC_MSGSEND = YES;
				ENABLE_TESTABILITY = YES;
				GCC_C_LANGUAGE_STANDARD = gnu11;
				GCC_DYNAMIC_NO_PIC = NO;
				GCC_NO_COMMON_BLOCKS = YES;
				GCC_OPTIMIZATION_LEVEL = 0;
				GCC_PREPROCESSOR_DEFINITIONS = (
					"DEBUG=1",
					"$(inherited)",
				);
				GCC_WARN_64_TO_32_BIT_CONVERSION = YES;
				GCC_WARN_ABOUT_RETURN_TYPE = YES_ERROR;
				GCC_WARN_UNDECLARED_SELECTOR = YES;
				GCC_WARN_UNINITIALIZED_AUTOS = YES_AGGRESSIVE;
				GCC_WARN_UNUSED_FUNCTION = YES;
				GCC_WARN_UNUSED_VARIABLE = YES;
				IPHONEOS_DEPLOYMENT_TARGET = 14.3;
				MTL_ENABLE_DEBUG_INFO = INCLUDE_SOURCE;
				MTL_FAST_MATH = YES;
				ONLY_ACTIVE_ARCH = YES;
				SDKROOT = iphoneos;
				SWIFT_ACTIVE_COMPILATION_CONDITIONS = DEBUG;
				SWIFT_OPTIMIZATION_LEVEL = "-Onone";
			};
			name = Debug;
		};
		EF570163259BD00D00BE049C /* Release */ = {
			isa = XCBuildConfiguration;
			buildSettings = {
				ALWAYS_SEARCH_USER_PATHS = NO;
				CLANG_ANALYZER_NONNULL = YES;
				CLANG_ANALYZER_NUMBER_OBJECT_CONVERSION = YES_AGGRESSIVE;
				CLANG_CXX_LANGUAGE_STANDARD = "gnu++14";
				CLANG_CXX_LIBRARY = "libc++";
				CLANG_ENABLE_MODULES = YES;
				CLANG_ENABLE_OBJC_ARC = YES;
				CLANG_ENABLE_OBJC_WEAK = YES;
				CLANG_WARN_BLOCK_CAPTURE_AUTORELEASING = YES;
				CLANG_WARN_BOOL_CONVERSION = YES;
				CLANG_WARN_COMMA = YES;
				CLANG_WARN_CONSTANT_CONVERSION = YES;
				CLANG_WARN_DEPRECATED_OBJC_IMPLEMENTATIONS = YES;
				CLANG_WARN_DIRECT_OBJC_ISA_USAGE = YES_ERROR;
				CLANG_WARN_DOCUMENTATION_COMMENTS = YES;
				CLANG_WARN_EMPTY_BODY = YES;
				CLANG_WARN_ENUM_CONVERSION = YES;
				CLANG_WARN_INFINITE_RECURSION = YES;
				CLANG_WARN_INT_CONVERSION = YES;
				CLANG_WARN_NON_LITERAL_NULL_CONVERSION = YES;
				CLANG_WARN_OBJC_IMPLICIT_RETAIN_SELF = YES;
				CLANG_WARN_OBJC_LITERAL_CONVERSION = YES;
				CLANG_WARN_OBJC_ROOT_CLASS = YES_ERROR;
				CLANG_WARN_QUOTED_INCLUDE_IN_FRAMEWORK_HEADER = YES;
				CLANG_WARN_RANGE_LOOP_ANALYSIS = YES;
				CLANG_WARN_STRICT_PROTOTYPES = YES;
				CLANG_WARN_SUSPICIOUS_MOVE = YES;
				CLANG_WARN_UNGUARDED_AVAILABILITY = YES_AGGRESSIVE;
				CLANG_WARN_UNREACHABLE_CODE = YES;
				CLANG_WARN__DUPLICATE_METHOD_MATCH = YES;
				COPY_PHASE_STRIP = NO;
				DEBUG_INFORMATION_FORMAT = "dwarf-with-dsym";
				ENABLE_NS_ASSERTIONS = NO;
				ENABLE_STRICT_OBJC_MSGSEND = YES;
				GCC_C_LANGUAGE_STANDARD = gnu11;
				GCC_NO_COMMON_BLOCKS = YES;
				GCC_WARN_64_TO_32_BIT_CONVERSION = YES;
				GCC_WARN_ABOUT_RETURN_TYPE = YES_ERROR;
				GCC_WARN_UNDECLARED_SELECTOR = YES;
				GCC_WARN_UNINITIALIZED_AUTOS = YES_AGGRESSIVE;
				GCC_WARN_UNUSED_FUNCTION = YES;
				GCC_WARN_UNUSED_VARIABLE = YES;
				IPHONEOS_DEPLOYMENT_TARGET = 14.3;
				MTL_ENABLE_DEBUG_INFO = NO;
				MTL_FAST_MATH = YES;
				SDKROOT = iphoneos;
				SWIFT_COMPILATION_MODE = wholemodule;
				SWIFT_OPTIMIZATION_LEVEL = "-O";
				VALIDATE_PRODUCT = YES;
			};
			name = Release;
		};
		EF570165259BD00D00BE049C /* Debug */ = {
			isa = XCBuildConfiguration;
			buildSettings = {
				ASSETCATALOG_COMPILER_APPICON_NAME = AppIcon;
				ASSETCATALOG_COMPILER_GLOBAL_ACCENT_COLOR_NAME = AccentColor;
				CODE_SIGN_STYLE = Automatic;
				DEVELOPMENT_ASSET_PATHS = "\"H4X0R News/Preview Content\"";
				ENABLE_PREVIEWS = YES;
				INFOPLIST_FILE = "H4X0R News/Info.plist";
				LD_RUNPATH_SEARCH_PATHS = (
					"$(inherited)",
					"@executable_path/Frameworks",
				);
				PRODUCT_BUNDLE_IDENTIFIER = "com.michaelsc.H4X0R-News";
				PRODUCT_NAME = "$(TARGET_NAME)";
				SWIFT_VERSION = 5.0;
				TARGETED_DEVICE_FAMILY = "1,2";
			};
			name = Debug;
		};
		EF570166259BD00D00BE049C /* Release */ = {
			isa = XCBuildConfiguration;
			buildSettings = {
				ASSETCATALOG_COMPILER_APPICON_NAME = AppIcon;
				ASSETCATALOG_COMPILER_GLOBAL_ACCENT_COLOR_NAME = AccentColor;
				CODE_SIGN_STYLE = Automatic;
				DEVELOPMENT_ASSET_PATHS = "\"H4X0R News/Preview Content\"";
				ENABLE_PREVIEWS = YES;
				INFOPLIST_FILE = "H4X0R News/Info.plist";
				LD_RUNPATH_SEARCH_PATHS = (
					"$(inherited)",
					"@executable_path/Frameworks",
				);
				PRODUCT_BUNDLE_IDENTIFIER = "com.michaelsc.H4X0R-News";
				PRODUCT_NAME = "$(TARGET_NAME)";
				SWIFT_VERSION = 5.0;
				TARGETED_DEVICE_FAMILY = "1,2";
			};
			name = Release;
		};
/* End XCBuildConfiguration section */

/* Begin XCConfigurationList section */
		EF57014B259BD00600BE049C /* Build configuration list for PBXProject "H4X0R News" */ = {
			isa = XCConfigurationList;
			buildConfigurations = (
				EF570162259BD00D00BE049C /* Debug */,
				EF570163259BD00D00BE049C /* Release */,
			);
			defaultConfigurationIsVisible = 0;
			defaultConfigurationName = Release;
		};
		EF570164259BD00D00BE049C /* Build configuration list for PBXNativeTarget "H4X0R News" */ = {
			isa = XCConfigurationList;
			buildConfigurations = (
				EF570165259BD00D00BE049C /* Debug */,
				EF570166259BD00D00BE049C /* Release */,
			);
			defaultConfigurationIsVisible = 0;
			defaultConfigurationName = Release;
		};
/* End XCConfigurationList section */
	};
	rootObject = EF570148259BD00600BE049C /* Project object */;
}
